
Microsoft Visual Studio Solution File, Format Version 12.00
# Visual Studio 15
VisualStudioVersion = 15.0.28307.902
MinimumVisualStudioVersion = 10.0.40219.1
Project("{FAE04EC0-301F-11D3-BF4B-00C04F79EFBC}") = "II Projekt", "II Projekt.csproj", "{10B2DC0A-C809-4ADA-BB01-CED7C53447F7}"
EndProject
Global
	GlobalSection(SolutionConfigurationPlatforms) = preSolution
		Debug|Any CPU = Debug|Any CPU
		Release|Any CPU = Release|Any CPU
	EndGlobalSection
	GlobalSection(ProjectConfigurationPlatforms) = postSolution
		{10B2DC0A-C809-4ADA-BB01-CED7C53447F7}.Debug|Any CPU.ActiveCfg = Debug|Any CPU
		{10B2DC0A-C809-4ADA-BB01-CED7C53447F7}.Debug|Any CPU.Build.0 = Debug|Any CPU
		{10B2DC0A-C809-4ADA-BB01-CED7C53447F7}.Release|Any CPU.ActiveCfg = Release|Any CPU
		{10B2DC0A-C809-4ADA-BB01-CED7C53447F7}.Release|Any CPU.Build.0 = Release|Any CPU
	EndGlobalSection
	GlobalSection(SolutionProperties) = preSolution
		HideSolutionNode = FALSE
	EndGlobalSection
	GlobalSection(ExtensibilityGlobals) = postSolution
		SolutionGuid = {528654B0-45F4-4AF8-80F4-D9D19A79D491}
	EndGlobalSection
EndGlobal
